
Microsoft Visual Studio Solution File, Format Version 12.00
# Visual Studio Version 17
VisualStudioVersion = 17.6.33829.357
MinimumVisualStudioVersion = 10.0.40219.1
Project("{FAE04EC0-301F-11D3-BF4B-00C04F79EFBC}") = "Ejemplo10", "Ejemplo10\Ejemplo10.csproj", "{32154CD9-AE4B-4372-9FF0-AF6BD4BECAA9}"
EndProject
Global
	GlobalSection(SolutionConfigurationPlatforms) = preSolution
		Debug|Any CPU = Debug|Any CPU
		Release|Any CPU = Release|Any CPU
	EndGlobalSection
	GlobalSection(ProjectConfigurationPlatforms) = postSolution
		{32154CD9-AE4B-4372-9FF0-AF6BD4BECAA9}.Debug|Any CPU.ActiveCfg = Debug|Any CPU
		{32154CD9-AE4B-4372-9FF0-AF6BD4BECAA9}.Debug|Any CPU.Build.0 = Debug|Any CPU
		{32154CD9-AE4B-4372-9FF0-AF6BD4BECAA9}.Release|Any CPU.ActiveCfg = Release|Any CPU
		{32154CD9-AE4B-4372-9FF0-AF6BD4BECAA9}.Release|Any CPU.Build.0 = Release|Any CPU
	EndGlobalSection
	GlobalSection(SolutionProperties) = preSolution
		HideSolutionNode = FALSE
	EndGlobalSection
	GlobalSection(ExtensibilityGlobals) = postSolution
		SolutionGuid = {BBD69E2E-A86A-45F1-9868-D1CDC959C752}
	EndGlobalSection
EndGlobal
